
Microsoft Visual Studio Solution File, Format Version 12.00
# Visual Studio Version 17
VisualStudioVersion = 17.2.32630.192
MinimumVisualStudioVersion = 10.0.40219.1
Project("{9A19103F-16F7-4668-BE54-9A1E7A4F7556}") = "LoadingScreenModRevisited", "LoadingScreenModRevisited.csproj", "{23D77215-8B73-40D1-BA2F-C57228DEBFFF}"
EndProject
Project("{D954291E-2A0B-460D-934E-DC6B0785DB48}") = "AlgernonCommonsPatchingShared", "..\AlgernonCommons\AlgernonCommonsPatchingShared.shproj", "{25AEF446-6F0D-43A8-BB84-D1306789B68C}"
EndProject
Global
	GlobalSection(SolutionConfigurationPlatforms) = preSolution
		Debug|Any CPU = Debug|Any CPU
		Release|Any CPU = Release|Any CPU
	EndGlobalSection
	GlobalSection(ProjectConfigurationPlatforms) = postSolution
		{23D77215-8B73-40D1-BA2F-C57228DEBFFF}.Debug|Any CPU.ActiveCfg = Debug|Any CPU
		{23D77215-8B73-40D1-BA2F-C57228DEBFFF}.Debug|Any CPU.Build.0 = Debug|Any CPU
		{23D77215-8B73-40D1-BA2F-C57228DEBFFF}.Release|Any CPU.ActiveCfg = Release|Any CPU
		{23D77215-8B73-40D1-BA2F-C57228DEBFFF}.Release|Any CPU.Build.0 = Release|Any CPU
	EndGlobalSection
	GlobalSection(SolutionProperties) = preSolution
		HideSolutionNode = FALSE
	EndGlobalSection
	GlobalSection(ExtensibilityGlobals) = postSolution
		SolutionGuid = {71A95C06-BF5C-48E6-A17D-4E99EF8E60AB}
	EndGlobalSection
	GlobalSection(SharedMSBuildProjectFiles) = preSolution
		..\AlgernonCommons\AlgernonCommonsPatchingShared.projitems*{23d77215-8b73-40d1-ba2f-c57228debfff}*SharedItemsImports = 5
		..\AlgernonCommons\AlgernonCommonsPatchingShared.projitems*{25aef446-6f0d-43a8-bb84-d1306789b68c}*SharedItemsImports = 13
	EndGlobalSection
EndGlobal
